// !$*UTF8*$!
{
	archiveVersion = 1;
	classes = {
	};
	objectVersion = 46;
	objects = {

/* Begin PBXBuildFile section */
		1708A53119B61DB100453495 /* AppDelegate.swift in Sources */ = {isa = PBXBuildFile; fileRef = 1708A53019B61DB100453495 /* AppDelegate.swift */; };
		1708A53319B61DB100453495 /* ViewController.swift in Sources */ = {isa = PBXBuildFile; fileRef = 1708A53219B61DB100453495 /* ViewController.swift */; };
		1708A53619B61DB100453495 /* Main.storyboard in Resources */ = {isa = PBXBuildFile; fileRef = 1708A53419B61DB100453495 /* Main.storyboard */; };
		1708A53819B61DB100453495 /* Images.xcassets in Resources */ = {isa = PBXBuildFile; fileRef = 1708A53719B61DB100453495 /* Images.xcassets */; };
		1708A54419B61DB100453495 /* helloworld2Tests.swift in Sources */ = {isa = PBXBuildFile; fileRef = 1708A54319B61DB100453495 /* helloworld2Tests.swift */; };
/* End PBXBuildFile section */

/* Begin PBXContainerItemProxy section */
		1708A53E19B61DB100453495 /* PBXContainerItemProxy */ = {
			isa = PBXContainerItemProxy;
			containerPortal = 1708A52319B61DB100453495 /* Project object */;
			proxyType = 1;
			remoteGlobalIDString = 1708A52A19B61DB100453495;
			remoteInfo = helloworld2;
		};
/* End PBXContainerItemProxy section */

/* Begin PBXFileReference section */
		1708A52B19B61DB100453495 /* helloworld2.app */ = {isa = PBXFileReference; explicitFileType = wrapper.application; includeInIndex = 0; path = helloworld2.app; sourceTree = BUILT_PRODUCTS_DIR; };
		1708A52F19B61DB100453495 /* Info.plist */ = {isa = PBXFileReference; lastKnownFileType = text.plist.xml; path = Info.plist; sourceTree = "<group>"; };
		1708A53019B61DB100453495 /* AppDelegate.swift */ = {isa = PBXFileReference; lastKnownFileType = sourcecode.swift; path = AppDelegate.swift; sourceTree = "<group>"; };
		1708A53219B61DB100453495 /* ViewController.swift */ = {isa = PBXFileReference; lastKnownFileType = sourcecode.swift; path = ViewController.swift; sourceTree = "<group>"; };
		1708A53519B61DB100453495 /* Base */ = {isa = PBXFileReference; lastKnownFileType = file.storyboard; name = Base; path = Base.lproj/Main.storyboard; sourceTree = "<group>"; };
		1708A53719B61DB100453495 /* Images.xcassets */ = {isa = PBXFileReference; lastKnownFileType = folder.assetcatalog; path = Images.xcassets; sourceTree = "<group>"; };
		1708A53D19B61DB100453495 /* helloworld2Tests.xctest */ = {isa = PBXFileReference; explicitFileType = wrapper.cfbundle; includeInIndex = 0; path = helloworld2Tests.xctest; sourceTree = BUILT_PRODUCTS_DIR; };
		1708A54219B61DB100453495 /* Info.plist */ = {isa = PBXFileReference; lastKnownFileType = text.plist.xml; path = Info.plist; sourceTree = "<group>"; };
		1708A54319B61DB100453495 /* helloworld2Tests.swift */ = {isa = PBXFileReference; lastKnownFileType = sourcecode.swift; path = helloworld2Tests.swift; sourceTree = "<group>"; };
/* End PBXFileReference section */

/* Begin PBXFrameworksBuildPhase section */
		1708A52819B61DB100453495 /* Frameworks */ = {
			isa = PBXFrameworksBuildPhase;
			buildActionMask = 2147483647;
			files = (
			);
			runOnlyForDeploymentPostprocessing = 0;
		};
		1708A53A19B61DB100453495 /* Frameworks */ = {
			isa = PBXFrameworksBuildPhase;
			buildActionMask = 2147483647;
			files = (
			);
			runOnlyForDeploymentPostprocessing = 0;
		};
/* End PBXFrameworksBuildPhase section */

/* Begin PBXGroup section */
		1708A52219B61DB100453495 = {
			isa = PBXGroup;
			children = (
				1708A52D19B61DB100453495 /* helloworld2 */,
				1708A54019B61DB100453495 /* helloworld2Tests */,
				1708A52C19B61DB100453495 /* Products */,
			);
			sourceTree = "<group>";
		};
		1708A52C19B61DB100453495 /* Products */ = {
			isa = PBXGroup;
			children = (
				1708A52B19B61DB100453495 /* helloworld2.app */,
				1708A53D19B61DB100453495 /* helloworld2Tests.xctest */,
			);
			name = Products;
			sourceTree = "<group>";
		};
		1708A52D19B61DB100453495 /* helloworld2 */ = {
			isa = PBXGroup;
			children = (
				1708A53019B61DB100453495 /* AppDelegate.swift */,
				1708A53219B61DB100453495 /* ViewController.swift */,
				1708A53419B61DB100453495 /* Main.storyboard */,
				1708A53719B61DB100453495 /* Images.xcassets */,
				1708A52E19B61DB100453495 /* Supporting Files */,
			);
			path = helloworld2;
			sourceTree = "<group>";
		};
		1708A52E19B61DB100453495 /* Supporting Files */ = {
			isa = PBXGroup;
			children = (
				1708A52F19B61DB100453495 /* Info.plist */,
			);
			name = "Supporting Files";
			sourceTree = "<group>";
		};
		1708A54019B61DB100453495 /* helloworld2Tests */ = {
			isa = PBXGroup;
			children = (
				1708A54319B61DB100453495 /* helloworld2Tests.swift */,
				1708A54119B61DB100453495 /* Supporting Files */,
			);
			path = helloworld2Tests;
			sourceTree = "<group>";
		};
		1708A54119B61DB100453495 /* Supporting Files */ = {
			isa = PBXGroup;
			children = (
				1708A54219B61DB100453495 /* Info.plist */,
			);
			name = "Supporting Files";
			sourceTree = "<group>";
		};
/* End PBXGroup section */

/* Begin PBXNativeTarget section */
		1708A52A19B61DB100453495 /* helloworld2 */ = {
			isa = PBXNativeTarget;
			buildConfigurationList = 1708A54719B61DB100453495 /* Build configuration list for PBXNativeTarget "helloworld2" */;
			buildPhases = (
				1708A52719B61DB100453495 /* Sources */,
				1708A52819B61DB100453495 /* Frameworks */,
				1708A52919B61DB100453495 /* Resources */,
			);
			buildRules = (
			);
			dependencies = (
			);
			name = helloworld2;
			productName = helloworld2;
			productReference = 1708A52B19B61DB100453495 /* helloworld2.app */;
			productType = "com.apple.product-type.application";
		};
		1708A53C19B61DB100453495 /* helloworld2Tests */ = {
			isa = PBXNativeTarget;
			buildConfigurationList = 1708A54A19B61DB100453495 /* Build configuration list for PBXNativeTarget "helloworld2Tests" */;
			buildPhases = (
				1708A53919B61DB100453495 /* Sources */,
				1708A53A19B61DB100453495 /* Frameworks */,
				1708A53B19B61DB100453495 /* Resources */,
			);
			buildRules = (
			);
			dependencies = (
				1708A53F19B61DB100453495 /* PBXTargetDependency */,
			);
			name = helloworld2Tests;
			productName = helloworld2Tests;
			productReference = 1708A53D19B61DB100453495 /* helloworld2Tests.xctest */;
			productType = "com.apple.product-type.bundle.unit-test";
		};
/* End PBXNativeTarget section */

/* Begin PBXProject section */
		1708A52319B61DB100453495 /* Project object */ = {
			isa = PBXProject;
			attributes = {
				LastUpgradeCheck = 0600;
				ORGANIZATIONNAME = "Will Dow";
				TargetAttributes = {
					1708A52A19B61DB100453495 = {
						CreatedOnToolsVersion = 6.0;
					};
					1708A53C19B61DB100453495 = {
						CreatedOnToolsVersion = 6.0;
						TestTargetID = 1708A52A19B61DB100453495;
					};
				};
			};
			buildConfigurationList = 1708A52619B61DB100453495 /* Build configuration list for PBXProject "helloworld2" */;
			compatibilityVersion = "Xcode 3.2";
			developmentRegion = English;
			hasScannedForEncodings = 0;
			knownRegions = (
				en,
				Base,
			);
			mainGroup = 1708A52219B61DB100453495;
			productRefGroup = 1708A52C19B61DB100453495 /* Products */;
			projectDirPath = "";
			projectRoot = "";
			targets = (
				1708A52A19B61DB100453495 /* helloworld2 */,
				1708A53C19B61DB100453495 /* helloworld2Tests */,
			);
		};
/* End PBXProject section */

/* Begin PBXResourcesBuildPhase section */
		1708A52919B61DB100453495 /* Resources */ = {
			isa = PBXResourcesBuildPhase;
			buildActionMask = 2147483647;
			files = (
				1708A53619B61DB100453495 /* Main.storyboard in Resources */,
				1708A53819B61DB100453495 /* Images.xcassets in Resources */,
			);
			runOnlyForDeploymentPostprocessing = 0;
		};
		1708A53B19B61DB100453495 /* Resources */ = {
			isa = PBXResourcesBuildPhase;
			buildActionMask = 2147483647;
			files = (
			);
			runOnlyForDeploymentPostprocessing = 0;
		};
/* End PBXResourcesBuildPhase section */

/* Begin PBXSourcesBuildPhase section */
		1708A52719B61DB100453495 /* Sources */ = {
			isa = PBXSourcesBuildPhase;
			buildActionMask = 2147483647;
			files = (
				1708A53319B61DB100453495 /* ViewController.swift in Sources */,
				1708A53119B61DB100453495 /* AppDelegate.swift in Sources */,
			);
			runOnlyForDeploymentPostprocessing = 0;
		};
		1708A53919B61DB100453495 /* Sources */ = {
			isa = PBXSourcesBuildPhase;
			buildActionMask = 2147483647;
			files = (
				1708A54419B61DB100453495 /* helloworld2Tests.swift in Sources */,
			);
			runOnlyForDeploymentPostprocessing = 0;
		};
/* End PBXSourcesBuildPhase section */

/* Begin PBXTargetDependency section */
		1708A53F19B61DB100453495 /* PBXTargetDependency */ = {
			isa = PBXTargetDependency;
			target = 1708A52A19B61DB100453495 /* helloworld2 */;
			targetProxy = 1708A53E19B61DB100453495 /* PBXContainerItemProxy */;
		};
/* End PBXTargetDependency section */

/* Begin PBXVariantGroup section */
		1708A53419B61DB100453495 /* Main.storyboard */ = {
			isa = PBXVariantGroup;
			children = (
				1708A53519B61DB100453495 /* Base */,
			);
			name = Main.storyboard;
			sourceTree = "<group>";
		};
/* End PBXVariantGroup section */

/* Begin XCBuildConfiguration section */
		1708A54519B61DB100453495 /* Debug */ = {
			isa = XCBuildConfiguration;
			buildSettings = {
				ALWAYS_SEARCH_USER_PATHS = NO;
				CLANG_CXX_LANGUAGE_STANDARD = "gnu++0x";
				CLANG_CXX_LIBRARY = "libc++";
				CLANG_ENABLE_MODULES = YES;
				CLANG_ENABLE_OBJC_ARC = YES;
				CLANG_WARN_BOOL_CONVERSION = YES;
				CLANG_WARN_CONSTANT_CONVERSION = YES;
				CLANG_WARN_DIRECT_OBJC_ISA_USAGE = YES_ERROR;
				CLANG_WARN_EMPTY_BODY = YES;
				CLANG_WARN_ENUM_CONVERSION = YES;
				CLANG_WARN_INT_CONVERSION = YES;
				CLANG_WARN_OBJC_ROOT_CLASS = YES_ERROR;
				CLANG_WARN_UNREACHABLE_CODE = YES;
				CLANG_WARN__DUPLICATE_METHOD_MATCH = YES;
				"CODE_SIGN_IDENTITY[sdk=iphoneos*]" = "iPhone Developer";
				COPY_PHASE_STRIP = NO;
				ENABLE_STRICT_OBJC_MSGSEND = YES;
				GCC_C_LANGUAGE_STANDARD = gnu99;
				GCC_DYNAMIC_NO_PIC = NO;
				GCC_OPTIMIZATION_LEVEL = 0;
				GCC_PREPROCESSOR_DEFINITIONS = (
					"DEBUG=1",
					"$(inherited)",
				);
				GCC_SYMBOLS_PRIVATE_EXTERN = NO;
				GCC_WARN_64_TO_32_BIT_CONVERSION = YES;
				GCC_WARN_ABOUT_RETURN_TYPE = YES_ERROR;
				GCC_WARN_UNDECLARED_SELECTOR = YES;
				GCC_WARN_UNINITIALIZED_AUTOS = YES_AGGRESSIVE;
				GCC_WARN_UNUSED_FUNCTION = YES;
				GCC_WARN_UNUSED_VARIABLE = YES;
				IPHONEOS_DEPLOYMENT_TARGET = 8.0;
				MTL_ENABLE_DEBUG_INFO = YES;
				ONLY_ACTIVE_ARCH = YES;
				SDKROOT = iphoneos;
				SWIFT_OPTIMIZATION_LEVEL = "-Onone";
			};
			name = Debug;
		};
		1708A54619B61DB100453495 /* Release */ = {
			isa = XCBuildConfiguration;
			buildSettings = {
				ALWAYS_SEARCH_USER_PATHS = NO;
				CLANG_CXX_LANGUAGE_STANDARD = "gnu++0x";
				CLANG_CXX_LIBRARY = "libc++";
				CLANG_ENABLE_MODULES = YES;
				CLANG_ENABLE_OBJC_ARC = YES;
				CLANG_WARN_BOOL_CONVERSION = YES;
				CLANG_WARN_CONSTANT_CONVERSION = YES;
				CLANG_WARN_DIRECT_OBJC_ISA_USAGE = YES_ERROR;
				CLANG_WARN_EMPTY_BODY = YES;
				CLANG_WARN_ENUM_CONVERSION = YES;
				CLANG_WARN_INT_CONVERSION = YES;
				CLANG_WARN_OBJC_ROOT_CLASS = YES_ERROR;
				CLANG_WARN_UNREACHABLE_CODE = YES;
				CLANG_WARN__DUPLICATE_METHOD_MATCH = YES;
				"CODE_SIGN_IDENTITY[sdk=iphoneos*]" = "iPhone Developer";
				COPY_PHASE_STRIP = YES;
				ENABLE_NS_ASSERTIONS = NO;
				ENABLE_STRICT_OBJC_MSGSEND = YES;
				GCC_C_LANGUAGE_STANDARD = gnu99;
				GCC_WARN_64_TO_32_BIT_CONVERSION = YES;
				GCC_WARN_ABOUT_RETURN_TYPE = YES_ERROR;
				GCC_WARN_UNDECLARED_SELECTOR = YES;
				GCC_WARN_UNINITIALIZED_AUTOS = YES_AGGRESSIVE;
				GCC_WARN_UNUSED_FUNCTION = YES;
				GCC_WARN_UNUSED_VARIABLE = YES;
				IPHONEOS_DEPLOYMENT_TARGET = 8.0;
				MTL_ENABLE_DEBUG_INFO = NO;
				SDKROOT = iphoneos;
				VALIDATE_PRODUCT = YES;
			};
			name = Release;
		};
		1708A54819B61DB100453495 /* Debug */ = {
			isa = XCBuildConfiguration;
			buildSettings = {
				ASSETCATALOG_COMPILER_APPICON_NAME = AppIcon;
				ASSETCATALOG_COMPILER_LAUNCHIMAGE_NAME = LaunchImage;
				INFOPLIST_FILE = helloworld2/Info.plist;
				LD_RUNPATH_SEARCH_PATHS = "$(inherited) @executable_path/Frameworks";
				PRODUCT_NAME = "$(TARGET_NAME)";
			};
			name = Debug;
		};
		1708A54919B61DB100453495 /* Release */ = {
			isa = XCBuildConfiguration;
			buildSettings = {
				ASSETCATALOG_COMPILER_APPICON_NAME = AppIcon;
				ASSETCATALOG_COMPILER_LAUNCHIMAGE_NAME = LaunchImage;
				INFOPLIST_FILE = helloworld2/Info.plist;
				LD_RUNPATH_SEARCH_PATHS = "$(inherited) @executable_path/Frameworks";
				PRODUCT_NAME = "$(TARGET_NAME)";
			};
			name = Release;
		};
		1708A54B19B61DB100453495 /* Debug */ = {
			isa = XCBuildConfiguration;
			buildSettings = {
				BUNDLE_LOADER = "$(TEST_HOST)";
				FRAMEWORK_SEARCH_PATHS = (
					"$(SDKROOT)/Developer/Library/Frameworks",
					"$(inherited)",
				);
				GCC_PREPROCESSOR_DEFINITIONS = (
					"DEBUG=1",
					"$(inherited)",
				);
				INFOPLIST_FILE = helloworld2Tests/Info.plist;
				LD_RUNPATH_SEARCH_PATHS = "$(inherited) @executable_path/Frameworks @loader_path/Frameworks";
				PRODUCT_NAME = "$(TARGET_NAME)";
				TEST_HOST = "$(BUILT_PRODUCTS_DIR)/helloworld2.app/helloworld2";
			};
			name = Debug;
		};
		1708A54C19B61DB100453495 /* Release */ = {
			isa = XCBuildConfiguration;
			buildSettings = {
				BUNDLE_LOADER = "$(TEST_HOST)";
				FRAMEWORK_SEARCH_PATHS = (
					"$(SDKROOT)/Developer/Library/Frameworks",
					"$(inherited)",
				);
				INFOPLIST_FILE = helloworld2Tests/Info.plist;
				LD_RUNPATH_SEARCH_PATHS = "$(inherited) @executable_path/Frameworks @loader_path/Frameworks";
				PRODUCT_NAME = "$(TARGET_NAME)";
				TEST_HOST = "$(BUILT_PRODUCTS_DIR)/helloworld2.app/helloworld2";
			};
			name = Release;
		};
/* End XCBuildConfiguration section */

/* Begin XCConfigurationList section */
		1708A52619B61DB100453495 /* Build configuration list for PBXProject "helloworld2" */ = {
			isa = XCConfigurationList;
			buildConfigurations = (
				1708A54519B61DB100453495 /* Debug */,
				1708A54619B61DB100453495 /* Release */,
			);
			defaultConfigurationIsVisible = 0;
			defaultConfigurationName = Release;
		};
		1708A54719B61DB100453495 /* Build configuration list for PBXNativeTarget "helloworld2" */ = {
			isa = XCConfigurationList;
			buildConfigurations = (
				1708A54819B61DB100453495 /* Debug */,
				1708A54919B61DB100453495 /* Release */,
			);
			defaultConfigurationIsVisible = 0;
		};
		1708A54A19B61DB100453495 /* Build configuration list for PBXNativeTarget "helloworld2Tests" */ = {
			isa = XCConfigurationList;
			buildConfigurations = (
				1708A54B19B61DB100453495 /* Debug */,
				1708A54C19B61DB100453495 /* Release */,
			);
			defaultConfigurationIsVisible = 0;
		};
/* End XCConfigurationList section */
	};
	rootObject = 1708A52319B61DB100453495 /* Project object */;
}
